<?xml version="1.0" encoding="utf-8"?>
<Project ToolsVersion="4.0" xmlns="http://schemas.microsoft.com/developer/msbuild/2003">
  <ItemGroup>
    <Filter Include="ソース ファイル">
      <UniqueIdentifier>{4FC737F1-C7A5-4376-A066-2A32D752A2FF}</UniqueIdentifier>
      <Extensions>cpp;c;cc;cxx;def;odl;idl;hpj;bat;asm;asmx</Extensions>
    </Filter>
    <Filter Include="リソース ファイル">
      <UniqueIdentifier>{67DA6AB6-F800-4c08-8B7A-83BB121AAD01}</UniqueIdentifier>
      <Extensions>rc;ico;cur;bmp;dlg;rc2;rct;bin;rgs;gif;jpg;jpeg;jpe;resx;tiff;tif;png;wav;mfcribbon-ms</Extensions>
    </Filter>
    <Filter Include="ソース ファイル\Define">
      <UniqueIdentifier>{5e8edb43-12c5-4477-b0fd-e4de969d4320}</UniqueIdentifier>
    </Filter>
    <Filter Include="ソース ファイル\Scene">
      <UniqueIdentifier>{b88aa691-bd1e-44a5-bfa7-77a5d57ef909}</UniqueIdentifier>
    </Filter>
    <Filter Include="ソース ファイル\System">
      <UniqueIdentifier>{4785744f-f410-4625-b16d-03a896c42766}</UniqueIdentifier>
    </Filter>
    <Filter Include="ソース ファイル\Resource">
      <UniqueIdentifier>{c28408a6-c001-4c79-87ca-3ac67d330093}</UniqueIdentifier>
    </Filter>
    <Filter Include="ソース ファイル\Utils">
      <UniqueIdentifier>{36281687-463a-4f26-949b-2b90fca8fa3c}</UniqueIdentifier>
    </Filter>
    <Filter Include="ソース ファイル\SelectWindow">
      <UniqueIdentifier>{4a507281-b7e3-48d3-8d44-2e719070a218}</UniqueIdentifier>
    </Filter>
    <Filter Include="ソース ファイル\GameScene">
      <UniqueIdentifier>{a2d5c696-7107-4cfb-8262-71218c4c41ed}</UniqueIdentifier>
    </Filter>
    <Filter Include="ソース ファイル\GameScene\Player">
      <UniqueIdentifier>{a0fb744a-c3d3-40f1-b415-2303abff579c}</UniqueIdentifier>
    </Filter>
    <Filter Include="ソース ファイル\GameScene\Stage">
      <UniqueIdentifier>{8255607b-3624-4b44-8674-70297ab265bd}</UniqueIdentifier>
    </Filter>
    <Filter Include="ソース ファイル\GameScene\DamageObj">
      <UniqueIdentifier>{e611a5db-2dc1-4f1f-a0a2-4576f43d93f6}</UniqueIdentifier>
    </Filter>
    <Filter Include="ソース ファイル\Character">
      <UniqueIdentifier>{c64d1f43-d0f7-44f9-85ce-c327f83f1b6f}</UniqueIdentifier>
    </Filter>
    <Filter Include="ソース ファイル\Character\AnimationMove">
      <UniqueIdentifier>{6d8c47c1-3cd7-4e63-aa18-7bcc3cfcfa1e}</UniqueIdentifier>
    </Filter>
    <Filter Include="ソース ファイル\GameScene\Enemy">
      <UniqueIdentifier>{2461a9f0-ee11-4d73-abfa-6852520163a6}</UniqueIdentifier>
    </Filter>
    <Filter Include="ソース ファイル\GameScene\DamageObj\Bullet">
      <UniqueIdentifier>{cd10abff-ef7e-4fb7-aa05-de0a13c44395}</UniqueIdentifier>
    </Filter>
    <Filter Include="ソース ファイル\GameScene\DamageObj\Sorad">
      <UniqueIdentifier>{fba9c91a-2914-4ed6-8fae-17db964dc183}</UniqueIdentifier>
    </Filter>
  </ItemGroup>
  <ItemGroup>
    <ClCompile Include="main.cpp">
      <Filter>ソース ファイル</Filter>
    </ClCompile>
    <ClCompile Include="SystemLooper.cpp">
      <Filter>ソース ファイル\System</Filter>
    </ClCompile>
    <ClCompile Include="SystemOwner.cpp">
      <Filter>ソース ファイル\System</Filter>
    </ClCompile>
    <ClCompile Include="Keyboard.cpp">
      <Filter>ソース ファイル\Resource</Filter>
    </ClCompile>
    <ClCompile Include="GameScene.cpp">
      <Filter>ソース ファイル\Scene</Filter>
    </ClCompile>
    <ClCompile Include="ConfigScene.cpp">
      <Filter>ソース ファイル\Scene</Filter>
    </ClCompile>
    <ClCompile Include="MenuScene.cpp">
      <Filter>ソース ファイル\Scene</Filter>
    </ClCompile>
    <ClCompile Include="StartScene.cpp">
      <Filter>ソース ファイル\Scene</Filter>
    </ClCompile>
    <ClCompile Include="AbstractScene.cpp">
      <Filter>ソース ファイル\Scene</Filter>
    </ClCompile>
    <ClCompile Include="Fps.cpp">
      <Filter>ソース ファイル\Resource</Filter>
    </ClCompile>
    <ClCompile Include="Controller.cpp">
      <Filter>ソース ファイル\Resource</Filter>
    </ClCompile>
    <ClCompile Include="SelectWindow.cpp">
      <Filter>ソース ファイル\SelectWindow</Filter>
    </ClCompile>
    <ClCompile Include="Gamepad.cpp">
      <Filter>ソース ファイル\Resource</Filter>
    </ClCompile>
    <ClCompile Include="CalcUtils.cpp">
      <Filter>ソース ファイル\Utils</Filter>
    </ClCompile>
    <ClCompile Include="Pysical.cpp">
      <Filter>ソース ファイル\Character\AnimationMove</Filter>
    </ClCompile>
    <ClCompile Include="AnimationMove.cpp">
      <Filter>ソース ファイル\Character\AnimationMove</Filter>
    </ClCompile>
    <ClCompile Include="PredictPoint.cpp">
      <Filter>ソース ファイル\Character\AnimationMove</Filter>
    </ClCompile>
    <ClCompile Include="Player.cpp">
      <Filter>ソース ファイル\GameScene\Player</Filter>
    </ClCompile>
    <ClCompile Include="Stage.cpp">
      <Filter>ソース ファイル\GameScene\Stage</Filter>
    </ClCompile>
    <ClCompile Include="StageLoad.cpp">
      <Filter>ソース ファイル\GameScene\Stage</Filter>
    </ClCompile>
    <ClCompile Include="CollisionDetect.cpp">
      <Filter>ソース ファイル\Character</Filter>
    </ClCompile>
    <ClCompile Include="Animation.cpp">
      <Filter>ソース ファイル\Character</Filter>
    </ClCompile>
    <ClCompile Include="CharacterDirect.cpp">
      <Filter>ソース ファイル\Character</Filter>
    </ClCompile>
    <ClCompile Include="AnimationSwitch.cpp">
      <Filter>ソース ファイル\Character</Filter>
    </ClCompile>
    <ClCompile Include="VirtualController.cpp">
      <Filter>ソース ファイル\Character</Filter>
    </ClCompile>
    <ClCompile Include="RestrictPoint.cpp">
      <Filter>ソース ファイル\GameScene\Player</Filter>
    </ClCompile>
    <ClCompile Include="AnimationMovePlayer.cpp">
      <Filter>ソース ファイル\GameScene\Player</Filter>
    </ClCompile>
    <ClCompile Include="Enemy.cpp">
      <Filter>ソース ファイル\GameScene\Enemy</Filter>
    </ClCompile>
    <ClCompile Include="Bullet.cpp">
      <Filter>ソース ファイル\GameScene\DamageObj\Bullet</Filter>
    </ClCompile>
    <ClCompile Include="AnimationSwitchBullet.cpp">
      <Filter>ソース ファイル\GameScene\DamageObj\Bullet</Filter>
    </ClCompile>
    <ClCompile Include="Sword.cpp">
      <Filter>ソース ファイル\GameScene\DamageObj\Sorad</Filter>
    </ClCompile>
    <ClCompile Include="AnimationMoveBullet.cpp">
      <Filter>ソース ファイル\GameScene\DamageObj\Bullet</Filter>
    </ClCompile>
    <ClCompile Include="PysicalBullet.cpp">
      <Filter>ソース ファイル\GameScene\DamageObj\Bullet</Filter>
    </ClCompile>
    <ClCompile Include="AnimationMoveSword.cpp">
      <Filter>ソース ファイル\GameScene\DamageObj\Sorad</Filter>
    </ClCompile>
    <ClCompile Include="AnimationSwitchSword.cpp">
      <Filter>ソース ファイル\GameScene\DamageObj\Sorad</Filter>
    </ClCompile>
    <ClCompile Include="PysicalSword.cpp">
      <Filter>ソース ファイル\GameScene\DamageObj\Sorad</Filter>
    </ClCompile>
    <ClCompile Include="EnemyLoad.cpp">
      <Filter>ソース ファイル\GameScene\Enemy</Filter>
    </ClCompile>
    <ClCompile Include="EnemyStatus.cpp">
      <Filter>ソース ファイル\GameScene\Enemy</Filter>
    </ClCompile>
    <ClCompile Include="PredictStageShift.cpp">
      <Filter>ソース ファイル\GameScene\Stage</Filter>
    </ClCompile>
  </ItemGroup>
  <ItemGroup>
    <ClInclude Include="Define.h">
      <Filter>ソース ファイル\Define</Filter>
    </ClInclude>
    <ClInclude Include="AbstractScene.h">
      <Filter>ソース ファイル\Scene</Filter>
    </ClInclude>
    <ClInclude Include="SystemLooper.h">
      <Filter>ソース ファイル\System</Filter>
    </ClInclude>
    <ClInclude Include="SystemOwner.h">
      <Filter>ソース ファイル\System</Filter>
    </ClInclude>
    <ClInclude Include="ISceneChanger.h">
      <Filter>ソース ファイル\Scene</Filter>
    </ClInclude>
    <ClInclude Include="Singleton.h">
      <Filter>ソース ファイル\Resource</Filter>
    </ClInclude>
    <ClInclude Include="Keyboard.h">
      <Filter>ソース ファイル\Resource</Filter>
    </ClInclude>
    <ClInclude Include="GameScene.h">
      <Filter>ソース ファイル\Scene</Filter>
    </ClInclude>
    <ClInclude Include="ConfigScene.h">
      <Filter>ソース ファイル\Scene</Filter>
    </ClInclude>
    <ClInclude Include="MenuScene.h">
      <Filter>ソース ファイル\Scene</Filter>
    </ClInclude>
    <ClInclude Include="StartScene.h">
      <Filter>ソース ファイル\Scene</Filter>
    </ClInclude>
    <ClInclude Include="Fps.h">
      <Filter>ソース ファイル\Resource</Filter>
    </ClInclude>
    <ClInclude Include="Controller.h">
      <Filter>ソース ファイル\Resource</Filter>
    </ClInclude>
    <ClInclude Include="SelectWindow.h">
      <Filter>ソース ファイル\SelectWindow</Filter>
    </ClInclude>
    <ClInclude Include="Gamepad.h">
      <Filter>ソース ファイル\Resource</Filter>
    </ClInclude>
    <ClInclude Include="Task.h">
      <Filter>ソース ファイル\Utils</Filter>
    </ClInclude>
    <ClInclude Include="CalcUtils.h">
      <Filter>ソース ファイル\Utils</Filter>
    </ClInclude>
    <ClInclude Include="Pysical.h">
      <Filter>ソース ファイル\Character\AnimationMove</Filter>
    </ClInclude>
    <ClInclude Include="AnimationMove.h">
      <Filter>ソース ファイル\Character\AnimationMove</Filter>
    </ClInclude>
    <ClInclude Include="PredictPoint.h">
      <Filter>ソース ファイル\Character\AnimationMove</Filter>
    </ClInclude>
    <ClInclude Include="Player.h">
      <Filter>ソース ファイル\GameScene\Player</Filter>
    </ClInclude>
    <ClInclude Include="Stage.h">
      <Filter>ソース ファイル\GameScene\Stage</Filter>
    </ClInclude>
    <ClInclude Include="StageLoad.h">
      <Filter>ソース ファイル\GameScene\Stage</Filter>
    </ClInclude>
    <ClInclude Include="CollisionDetect.h">
      <Filter>ソース ファイル\Character</Filter>
    </ClInclude>
    <ClInclude Include="Animation.h">
      <Filter>ソース ファイル\Character</Filter>
    </ClInclude>
    <ClInclude Include="CharacterDirect.h">
      <Filter>ソース ファイル\Character</Filter>
    </ClInclude>
    <ClInclude Include="AnimationSwitch.h">
      <Filter>ソース ファイル\Character</Filter>
    </ClInclude>
    <ClInclude Include="VirtualController.h">
      <Filter>ソース ファイル\Character</Filter>
    </ClInclude>
    <ClInclude Include="RestrictPoint.h">
      <Filter>ソース ファイル\GameScene\Player</Filter>
    </ClInclude>
    <ClInclude Include="AnimationMovePlayer.h">
      <Filter>ソース ファイル\GameScene\Player</Filter>
    </ClInclude>
    <ClInclude Include="Enemy.h">
      <Filter>ソース ファイル\GameScene\Enemy</Filter>
    </ClInclude>
    <ClInclude Include="ImagePath_Object.h">
      <Filter>ソース ファイル\Define</Filter>
    </ClInclude>
    <ClInclude Include="ImagePath_Unitychan.h">
      <Filter>ソース ファイル\Define</Filter>
    </ClInclude>
    <ClInclude Include="Bullet.h">
      <Filter>ソース ファイル\GameScene\DamageObj\Bullet</Filter>
    </ClInclude>
    <ClInclude Include="AnimationSwitchBullet.h">
      <Filter>ソース ファイル\GameScene\DamageObj\Bullet</Filter>
    </ClInclude>
    <ClInclude Include="Sword.h">
      <Filter>ソース ファイル\GameScene\DamageObj\Sorad</Filter>
    </ClInclude>
    <ClInclude Include="AnimationMoveBullet.h">
      <Filter>ソース ファイル\GameScene\DamageObj\Bullet</Filter>
    </ClInclude>
    <ClInclude Include="PysicalBullet.h">
      <Filter>ソース ファイル\GameScene\DamageObj\Bullet</Filter>
    </ClInclude>
    <ClInclude Include="AnimationMoveSword.h">
      <Filter>ソース ファイル\GameScene\DamageObj\Sorad</Filter>
    </ClInclude>
    <ClInclude Include="AnimationSwitchSword.h">
      <Filter>ソース ファイル\GameScene\DamageObj\Sorad</Filter>
    </ClInclude>
    <ClInclude Include="PysicalSword.h">
      <Filter>ソース ファイル\GameScene\DamageObj\Sorad</Filter>
    </ClInclude>
    <ClInclude Include="AbsDamageObj.h">
      <Filter>ソース ファイル\GameScene\DamageObj</Filter>
    </ClInclude>
    <ClInclude Include="ImagePath_Effect.h">
      <Filter>ソース ファイル\Define</Filter>
    </ClInclude>
    <ClInclude Include="EnemyLoad.h">
      <Filter>ソース ファイル\GameScene\Enemy</Filter>
    </ClInclude>
    <ClInclude Include="EnemyStatus.h">
      <Filter>ソース ファイル\GameScene\Enemy</Filter>
    </ClInclude>
    <ClInclude Include="PredictStageShift.h">
      <Filter>ソース ファイル\GameScene\Stage</Filter>
    </ClInclude>
  </ItemGroup>
  <ItemGroup>
    <None Include="Stage\Enemy\sample_enemy.csv">
      <Filter>リソース ファイル</Filter>
    </None>
    <None Include="Stage\sample_stage.csv">
      <Filter>リソース ファイル</Filter>
    </None>
  </ItemGroup>
</Project>